{
  "nodes": {
    "nixpkgs": {
      "locked": {
        "lastModified": 1609866355,
        "narHash": "sha256-TMzb8nMePC4OusDde+xv8AIgbNYuFku/dlLkPO/hifM=",
        "path": "/nix/store/9kfzklpzv0bh5v7xidriwy7pq07drza8-source",
        "rev": "d9dba88d08a9cdf483c3d45f0d7220cf97a4ce64",
        "type": "path"
      },
      "original": {
        "id": "nixpkgs",
        "type": "indirect"
      }
    },
    "root": {
      "inputs": {
        "nixpkgs": "nixpkgs"
      }
    }
  },
  "root": "root",
  "version": 7
}
